
Microsoft Visual Studio Solution File, Format Version 12.00
Project("{FAE04EC0-301F-11D3-BF4B-00C04F79EFBC}") = "Quartz.Lambda", "Quartz.Lambda\Quartz.Lambda.csproj", "{7A8145EA-3248-488C-B48F-6030436FDE07}"
EndProject
Global
	GlobalSection(SolutionConfigurationPlatforms) = preSolution
		Debug|Any CPU = Debug|Any CPU
		Release|Any CPU = Release|Any CPU
	EndGlobalSection
	GlobalSection(ProjectConfigurationPlatforms) = postSolution
		{7A8145EA-3248-488C-B48F-6030436FDE07}.Debug|Any CPU.ActiveCfg = Debug|Any CPU
		{7A8145EA-3248-488C-B48F-6030436FDE07}.Debug|Any CPU.Build.0 = Debug|Any CPU
		{7A8145EA-3248-488C-B48F-6030436FDE07}.Release|Any CPU.ActiveCfg = Release|Any CPU
		{7A8145EA-3248-488C-B48F-6030436FDE07}.Release|Any CPU.Build.0 = Release|Any CPU
		{C4F6DBA8-B444-468F-9628-0041B2FB8F33}.Debug|Any CPU.ActiveCfg = Debug|Any CPU
		{C4F6DBA8-B444-468F-9628-0041B2FB8F33}.Debug|Any CPU.Build.0 = Debug|Any CPU
		{C4F6DBA8-B444-468F-9628-0041B2FB8F33}.Release|Any CPU.ActiveCfg = Release|Any CPU
		{C4F6DBA8-B444-468F-9628-0041B2FB8F33}.Release|Any CPU.Build.0 = Release|Any CPU
	EndGlobalSection
EndGlobal
